
Microsoft Visual Studio Solution File, Format Version 12.00
# Visual Studio Version 16
VisualStudioVersion = 16.0.30611.23
MinimumVisualStudioVersion = 10.0.40219.1
Project("{9A19103F-16F7-4668-BE54-9A1E7A4F7556}") = "FluentValidationApp.Web", "FluentValidationApp.Web\FluentValidationApp.Web.csproj", "{AC463A54-9F46-4649-9C59-96D1A935C440}"
EndProject
Project("{FAE04EC0-301F-11D3-BF4B-00C04F79EFBC}") = "RateLimit.API", "RateLimit.API\RateLimit.API.csproj", "{B17FF36B-F5D1-492B-BAED-E52493FF1D03}"
EndProject
Global
	GlobalSection(SolutionConfigurationPlatforms) = preSolution
		Debug|Any CPU = Debug|Any CPU
		Release|Any CPU = Release|Any CPU
	EndGlobalSection
	GlobalSection(ProjectConfigurationPlatforms) = postSolution
		{AC463A54-9F46-4649-9C59-96D1A935C440}.Debug|Any CPU.ActiveCfg = Debug|Any CPU
		{AC463A54-9F46-4649-9C59-96D1A935C440}.Debug|Any CPU.Build.0 = Debug|Any CPU
		{AC463A54-9F46-4649-9C59-96D1A935C440}.Release|Any CPU.ActiveCfg = Release|Any CPU
		{AC463A54-9F46-4649-9C59-96D1A935C440}.Release|Any CPU.Build.0 = Release|Any CPU
		{B17FF36B-F5D1-492B-BAED-E52493FF1D03}.Debug|Any CPU.ActiveCfg = Debug|Any CPU
		{B17FF36B-F5D1-492B-BAED-E52493FF1D03}.Debug|Any CPU.Build.0 = Debug|Any CPU
		{B17FF36B-F5D1-492B-BAED-E52493FF1D03}.Release|Any CPU.ActiveCfg = Release|Any CPU
		{B17FF36B-F5D1-492B-BAED-E52493FF1D03}.Release|Any CPU.Build.0 = Release|Any CPU
	EndGlobalSection
	GlobalSection(SolutionProperties) = preSolution
		HideSolutionNode = FALSE
	EndGlobalSection
	GlobalSection(ExtensibilityGlobals) = postSolution
		SolutionGuid = {C7067AB2-131C-4EF7-AEBE-EC90A57FF9B5}
	EndGlobalSection
EndGlobal
